
Microsoft Visual Studio Solution File, Format Version 12.00
# Visual Studio Version 16
VisualStudioVersion = 16.0.29613.14
MinimumVisualStudioVersion = 10.0.40219.1
Project("{FAE04EC0-301F-11D3-BF4B-00C04F79EFBC}") = "StudentRegistration", "StudentRegistration\StudentRegistration.csproj", "{2FCA7637-AE00-4297-B55C-B0B283850BC8}"
EndProject
Global
	GlobalSection(SolutionConfigurationPlatforms) = preSolution
		Debug|Any CPU = Debug|Any CPU
		Release|Any CPU = Release|Any CPU
	EndGlobalSection
	GlobalSection(ProjectConfigurationPlatforms) = postSolution
		{2FCA7637-AE00-4297-B55C-B0B283850BC8}.Debug|Any CPU.ActiveCfg = Debug|Any CPU
		{2FCA7637-AE00-4297-B55C-B0B283850BC8}.Debug|Any CPU.Build.0 = Debug|Any CPU
		{2FCA7637-AE00-4297-B55C-B0B283850BC8}.Release|Any CPU.ActiveCfg = Release|Any CPU
		{2FCA7637-AE00-4297-B55C-B0B283850BC8}.Release|Any CPU.Build.0 = Release|Any CPU
	EndGlobalSection
	GlobalSection(SolutionProperties) = preSolution
		HideSolutionNode = FALSE
	EndGlobalSection
	GlobalSection(ExtensibilityGlobals) = postSolution
		SolutionGuid = {14356E92-FE3F-47F2-A46C-572779128159}
	EndGlobalSection
EndGlobal
