
Microsoft Visual Studio Solution File, Format Version 12.00
# Visual Studio Version 16
VisualStudioVersion = 16.0.29613.14
MinimumVisualStudioVersion = 10.0.40219.1
Project("{FAE04EC0-301F-11D3-BF4B-00C04F79EFBC}") = "ch7-classes", "ch7-classes\ch7-classes.csproj", "{792A25E4-2284-4DB7-96DF-7681F663A9D5}"
EndProject
Global
	GlobalSection(SolutionConfigurationPlatforms) = preSolution
		Debug|Any CPU = Debug|Any CPU
		Release|Any CPU = Release|Any CPU
	EndGlobalSection
	GlobalSection(ProjectConfigurationPlatforms) = postSolution
		{792A25E4-2284-4DB7-96DF-7681F663A9D5}.Debug|Any CPU.ActiveCfg = Debug|Any CPU
		{792A25E4-2284-4DB7-96DF-7681F663A9D5}.Debug|Any CPU.Build.0 = Debug|Any CPU
		{792A25E4-2284-4DB7-96DF-7681F663A9D5}.Release|Any CPU.ActiveCfg = Release|Any CPU
		{792A25E4-2284-4DB7-96DF-7681F663A9D5}.Release|Any CPU.Build.0 = Release|Any CPU
	EndGlobalSection
	GlobalSection(SolutionProperties) = preSolution
		HideSolutionNode = FALSE
	EndGlobalSection
	GlobalSection(ExtensibilityGlobals) = postSolution
		SolutionGuid = {A890FB52-21A9-42F0-8694-AE95B68BD011}
	EndGlobalSection
EndGlobal
